
Microsoft Visual Studio Solution File, Format Version 12.00
# Visual Studio Version 17
VisualStudioVersion = 17.2.32630.192
MinimumVisualStudioVersion = 10.0.40219.1
Project("{FAE04EC0-301F-11D3-BF4B-00C04F79EFBC}") = "Rocky", "Rocky\Rocky.csproj", "{CC0236DE-1C21-4F0D-8637-0DE6F1A83241}"
EndProject
Global
	GlobalSection(SolutionConfigurationPlatforms) = preSolution
		Debug|Any CPU = Debug|Any CPU
		Release|Any CPU = Release|Any CPU
	EndGlobalSection
	GlobalSection(ProjectConfigurationPlatforms) = postSolution
		{CC0236DE-1C21-4F0D-8637-0DE6F1A83241}.Debug|Any CPU.ActiveCfg = Debug|Any CPU
		{CC0236DE-1C21-4F0D-8637-0DE6F1A83241}.Debug|Any CPU.Build.0 = Debug|Any CPU
		{CC0236DE-1C21-4F0D-8637-0DE6F1A83241}.Release|Any CPU.ActiveCfg = Release|Any CPU
		{CC0236DE-1C21-4F0D-8637-0DE6F1A83241}.Release|Any CPU.Build.0 = Release|Any CPU
	EndGlobalSection
	GlobalSection(SolutionProperties) = preSolution
		HideSolutionNode = FALSE
	EndGlobalSection
	GlobalSection(ExtensibilityGlobals) = postSolution
		SolutionGuid = {2DA9AC15-27AE-4753-9EA5-B774F14EF43D}
	EndGlobalSection
EndGlobal
